
Microsoft Visual Studio Solution File, Format Version 12.00
# Visual Studio 15
Project("{FAE04EC0-301F-11D3-BF4B-00C04F79EFBC}") = "TcpServer", "TcpServer.csproj", "{08DFFD22-AFAC-4497-B054-379C3B84A207}"
EndProject
Global
	GlobalSection(SolutionConfigurationPlatforms) = preSolution
		Debug|Any CPU = Debug|Any CPU
		Release|Any CPU = Release|Any CPU
	EndGlobalSection
	GlobalSection(ProjectConfigurationPlatforms) = postSolution
		{08DFFD22-AFAC-4497-B054-379C3B84A207}.Debug|Any CPU.ActiveCfg = Debug|Any CPU
		{08DFFD22-AFAC-4497-B054-379C3B84A207}.Debug|Any CPU.Build.0 = Debug|Any CPU
		{08DFFD22-AFAC-4497-B054-379C3B84A207}.Release|Any CPU.ActiveCfg = Release|Any CPU
		{08DFFD22-AFAC-4497-B054-379C3B84A207}.Release|Any CPU.Build.0 = Release|Any CPU
	EndGlobalSection
EndGlobal
