
Microsoft Visual Studio Solution File, Format Version 12.00
# Visual Studio Version 16
VisualStudioVersion = 16.0.30225.117
MinimumVisualStudioVersion = 15.0.26124.0
Project("{2150E333-8FDC-42A3-9474-1A3956D46DE8}") = "src", "src", "{FA7BA07A-707A-4AC3-9A29-0BB99997165B}"
EndProject
Project("{9A19103F-16F7-4668-BE54-9A1E7A4F7556}") = "TicTacToe", "src\TicTacToe\TicTacToe.csproj", "{FC600114-1213-4EA7-87E4-BD1D12119D3C}"
EndProject
Project("{FAE04EC0-301F-11D3-BF4B-00C04F79EFBC}") = "Server", "Server\Server.csproj", "{42C8B360-B229-4B2B-BB74-B993D6598A27}"
EndProject
Global
	GlobalSection(SolutionConfigurationPlatforms) = preSolution
		Debug|Any CPU = Debug|Any CPU
		Debug|x64 = Debug|x64
		Debug|x86 = Debug|x86
		Release|Any CPU = Release|Any CPU
		Release|x64 = Release|x64
		Release|x86 = Release|x86
	EndGlobalSection
	GlobalSection(ProjectConfigurationPlatforms) = postSolution
		{FC600114-1213-4EA7-87E4-BD1D12119D3C}.Debug|Any CPU.ActiveCfg = Debug|Any CPU
		{FC600114-1213-4EA7-87E4-BD1D12119D3C}.Debug|Any CPU.Build.0 = Debug|Any CPU
		{FC600114-1213-4EA7-87E4-BD1D12119D3C}.Debug|x64.ActiveCfg = Debug|Any CPU
		{FC600114-1213-4EA7-87E4-BD1D12119D3C}.Debug|x64.Build.0 = Debug|Any CPU
		{FC600114-1213-4EA7-87E4-BD1D12119D3C}.Debug|x86.ActiveCfg = Debug|Any CPU
		{FC600114-1213-4EA7-87E4-BD1D12119D3C}.Debug|x86.Build.0 = Debug|Any CPU
		{FC600114-1213-4EA7-87E4-BD1D12119D3C}.Release|Any CPU.ActiveCfg = Release|Any CPU
		{FC600114-1213-4EA7-87E4-BD1D12119D3C}.Release|Any CPU.Build.0 = Release|Any CPU
		{FC600114-1213-4EA7-87E4-BD1D12119D3C}.Release|x64.ActiveCfg = Release|Any CPU
		{FC600114-1213-4EA7-87E4-BD1D12119D3C}.Release|x64.Build.0 = Release|Any CPU
		{FC600114-1213-4EA7-87E4-BD1D12119D3C}.Release|x86.ActiveCfg = Release|Any CPU
		{FC600114-1213-4EA7-87E4-BD1D12119D3C}.Release|x86.Build.0 = Release|Any CPU
		{42C8B360-B229-4B2B-BB74-B993D6598A27}.Debug|Any CPU.ActiveCfg = Debug|Any CPU
		{42C8B360-B229-4B2B-BB74-B993D6598A27}.Debug|Any CPU.Build.0 = Debug|Any CPU
		{42C8B360-B229-4B2B-BB74-B993D6598A27}.Debug|x64.ActiveCfg = Debug|Any CPU
		{42C8B360-B229-4B2B-BB74-B993D6598A27}.Debug|x64.Build.0 = Debug|Any CPU
		{42C8B360-B229-4B2B-BB74-B993D6598A27}.Debug|x86.ActiveCfg = Debug|Any CPU
		{42C8B360-B229-4B2B-BB74-B993D6598A27}.Debug|x86.Build.0 = Debug|Any CPU
		{42C8B360-B229-4B2B-BB74-B993D6598A27}.Release|Any CPU.ActiveCfg = Release|Any CPU
		{42C8B360-B229-4B2B-BB74-B993D6598A27}.Release|Any CPU.Build.0 = Release|Any CPU
		{42C8B360-B229-4B2B-BB74-B993D6598A27}.Release|x64.ActiveCfg = Release|Any CPU
		{42C8B360-B229-4B2B-BB74-B993D6598A27}.Release|x64.Build.0 = Release|Any CPU
		{42C8B360-B229-4B2B-BB74-B993D6598A27}.Release|x86.ActiveCfg = Release|Any CPU
		{42C8B360-B229-4B2B-BB74-B993D6598A27}.Release|x86.Build.0 = Release|Any CPU
	EndGlobalSection
	GlobalSection(SolutionProperties) = preSolution
		HideSolutionNode = FALSE
	EndGlobalSection
	GlobalSection(NestedProjects) = preSolution
		{FC600114-1213-4EA7-87E4-BD1D12119D3C} = {FA7BA07A-707A-4AC3-9A29-0BB99997165B}
	EndGlobalSection
	GlobalSection(ExtensibilityGlobals) = postSolution
		SolutionGuid = {90BFABFB-2CD1-4F10-BB0F-A76C40D02B3A}
	EndGlobalSection
EndGlobal
